
Microsoft Visual Studio Solution File, Format Version 12.00
# Visual Studio 15
Project("{FAE04EC0-301F-11D3-BF4B-00C04F79EFBC}") = "Assembly-CSharp", "Assembly-CSharp.csproj", "{1276A485-1F2D-E4A5-483E-59C3030FB510}"
EndProject
Project("{FAE04EC0-301F-11D3-BF4B-00C04F79EFBC}") = "Assembly-CSharp-firstpass", "Assembly-CSharp-firstpass.csproj", "{041B1FAC-1683-869D-CC58-61BBD17AA986}"
EndProject
Project("{FAE04EC0-301F-11D3-BF4B-00C04F79EFBC}") = "Assembly-CSharp-Editor", "Assembly-CSharp-Editor.csproj", "{2F68E666-96FF-DF6F-0620-307D46C0EFFC}"
EndProject
Global
	GlobalSection(SolutionConfigurationPlatforms) = preSolution
		Debug|Any CPU = Debug|Any CPU
		Release|Any CPU = Release|Any CPU
	EndGlobalSection
	GlobalSection(ProjectConfigurationPlatforms) = postSolution
		{1276A485-1F2D-E4A5-483E-59C3030FB510}.Debug|Any CPU.ActiveCfg = Debug|Any CPU
		{1276A485-1F2D-E4A5-483E-59C3030FB510}.Debug|Any CPU.Build.0 = Debug|Any CPU
		{1276A485-1F2D-E4A5-483E-59C3030FB510}.Release|Any CPU.ActiveCfg = Release|Any CPU
		{1276A485-1F2D-E4A5-483E-59C3030FB510}.Release|Any CPU.Build.0 = Release|Any CPU
		{041B1FAC-1683-869D-CC58-61BBD17AA986}.Debug|Any CPU.ActiveCfg = Debug|Any CPU
		{041B1FAC-1683-869D-CC58-61BBD17AA986}.Debug|Any CPU.Build.0 = Debug|Any CPU
		{041B1FAC-1683-869D-CC58-61BBD17AA986}.Release|Any CPU.ActiveCfg = Release|Any CPU
		{041B1FAC-1683-869D-CC58-61BBD17AA986}.Release|Any CPU.Build.0 = Release|Any CPU
		{2F68E666-96FF-DF6F-0620-307D46C0EFFC}.Debug|Any CPU.ActiveCfg = Debug|Any CPU
		{2F68E666-96FF-DF6F-0620-307D46C0EFFC}.Debug|Any CPU.Build.0 = Debug|Any CPU
		{2F68E666-96FF-DF6F-0620-307D46C0EFFC}.Release|Any CPU.ActiveCfg = Release|Any CPU
		{2F68E666-96FF-DF6F-0620-307D46C0EFFC}.Release|Any CPU.Build.0 = Release|Any CPU
	EndGlobalSection
	GlobalSection(SolutionProperties) = preSolution
		HideSolutionNode = FALSE
	EndGlobalSection
EndGlobal
